
Microsoft Visual Studio Solution File, Format Version 12.00
# Visual Studio 14
VisualStudioVersion = 14.0.25420.1
MinimumVisualStudioVersion = 10.0.40219.1
Project("{FAE04EC0-301F-11D3-BF4B-00C04F79EFBC}") = "KittyLikeability", "KittyLikeability\KittyLikeability.csproj", "{0823A89F-508D-48B5-B84C-F22ACB5332E2}"
EndProject
Project("{FAE04EC0-301F-11D3-BF4B-00C04F79EFBC}") = "BCL1", "BCL1\BCL1.csproj", "{48F9B192-57A8-4B31-849B-446A66A0DEA2}"
EndProject
Project("{FAE04EC0-301F-11D3-BF4B-00C04F79EFBC}") = "BCL2", "BCL2\BCL2.csproj", "{0915FF5B-965F-4CF7-9F2E-18412C6B108C}"
EndProject
Project("{FAE04EC0-301F-11D3-BF4B-00C04F79EFBC}") = "BCL3", "BCL3\BCL3.csproj", "{652462C4-317C-424F-A97A-7C3CCC6BE610}"
EndProject
Project("{FAE04EC0-301F-11D3-BF4B-00C04F79EFBC}") = "BCL4", "BCL4\BCL4.csproj", "{4570719E-4D10-45CD-BC0A-E81C42B781A8}"
EndProject
Project("{FAE04EC0-301F-11D3-BF4B-00C04F79EFBC}") = "FileLoader", "FileLoader\FileLoader.csproj", "{6B021C88-3BA2-49D1-BD47-CACEA1DC656E}"
EndProject
Project("{FAE04EC0-301F-11D3-BF4B-00C04F79EFBC}") = "Task", "Task\Task.csproj", "{C770ED8F-6F5E-4DED-92C6-D5FE544DE764}"
EndProject
Project("{2150E333-8FDC-42A3-9474-1A3956D46DE8}") = "LinqTasks", "LinqTasks", "{7CD0B0C1-24B1-4DBA-9D6F-B4527F131E62}"
EndProject
Project("{FAE04EC0-301F-11D3-BF4B-00C04F79EFBC}") = "Task.UnitTests", "Task.UnitTests\Task.UnitTests.csproj", "{722CB97C-4350-419B-BB41-8354BB5BBC4B}"
EndProject
Project("{2150E333-8FDC-42A3-9474-1A3956D46DE8}") = "Reflection", "Reflection", "{38D00DB8-E217-4746-BAD1-16121EEDC4E0}"
EndProject
Project("{FAE04EC0-301F-11D3-BF4B-00C04F79EFBC}") = "Reflection1", "Reflection1\Reflection1.csproj", "{4399F5F2-ECCF-41C8-8AFC-579434153F9C}"
EndProject
Project("{FAE04EC0-301F-11D3-BF4B-00C04F79EFBC}") = "Reflection2", "Reflection2\Reflection2.csproj", "{C3BE34D1-EE91-4ECB-878C-6F21B93FE5C1}"
EndProject
Project("{2150E333-8FDC-42A3-9474-1A3956D46DE8}") = "Sql", "Sql", "{2BEFB5D7-7067-45D2-8189-F8F99375FE01}"
EndProject
Project("{00D1A9C2-B5F0-4AF3-8072-F6C62B433612}") = "Sql.Data", "Sql.Data\Sql.Data.sqlproj", "{8EB0AC8F-2107-43F1-9954-4EA7E827C57C}"
EndProject
Project("{00D1A9C2-B5F0-4AF3-8072-F6C62B433612}") = "Northwind", "Northwind\Northwind.sqlproj", "{8EAD86AE-81E4-495B-B07A-CC3741F05459}"
EndProject
Project("{FAE04EC0-301F-11D3-BF4B-00C04F79EFBC}") = "Northwind.Data", "Northwind.Data\Northwind.Data.csproj", "{94B97233-C6FB-457E-8D9E-CB9200B247E6}"
EndProject
Project("{FAE04EC0-301F-11D3-BF4B-00C04F79EFBC}") = "Northwind.Data.Examples", "Northwind.Data.Examples\Northwind.Data.Examples.csproj", "{251A371E-F741-415F-BC78-27DAC0207683}"
EndProject
Global
	GlobalSection(SolutionConfigurationPlatforms) = preSolution
		Debug|Any CPU = Debug|Any CPU
		Release|Any CPU = Release|Any CPU
	EndGlobalSection
	GlobalSection(ProjectConfigurationPlatforms) = postSolution
		{0823A89F-508D-48B5-B84C-F22ACB5332E2}.Debug|Any CPU.ActiveCfg = Debug|Any CPU
		{0823A89F-508D-48B5-B84C-F22ACB5332E2}.Debug|Any CPU.Build.0 = Debug|Any CPU
		{0823A89F-508D-48B5-B84C-F22ACB5332E2}.Release|Any CPU.ActiveCfg = Release|Any CPU
		{0823A89F-508D-48B5-B84C-F22ACB5332E2}.Release|Any CPU.Build.0 = Release|Any CPU
		{48F9B192-57A8-4B31-849B-446A66A0DEA2}.Debug|Any CPU.ActiveCfg = Debug|Any CPU
		{48F9B192-57A8-4B31-849B-446A66A0DEA2}.Debug|Any CPU.Build.0 = Debug|Any CPU
		{48F9B192-57A8-4B31-849B-446A66A0DEA2}.Release|Any CPU.ActiveCfg = Release|Any CPU
		{48F9B192-57A8-4B31-849B-446A66A0DEA2}.Release|Any CPU.Build.0 = Release|Any CPU
		{0915FF5B-965F-4CF7-9F2E-18412C6B108C}.Debug|Any CPU.ActiveCfg = Debug|Any CPU
		{0915FF5B-965F-4CF7-9F2E-18412C6B108C}.Debug|Any CPU.Build.0 = Debug|Any CPU
		{0915FF5B-965F-4CF7-9F2E-18412C6B108C}.Release|Any CPU.ActiveCfg = Release|Any CPU
		{0915FF5B-965F-4CF7-9F2E-18412C6B108C}.Release|Any CPU.Build.0 = Release|Any CPU
		{652462C4-317C-424F-A97A-7C3CCC6BE610}.Debug|Any CPU.ActiveCfg = Debug|Any CPU
		{652462C4-317C-424F-A97A-7C3CCC6BE610}.Debug|Any CPU.Build.0 = Debug|Any CPU
		{652462C4-317C-424F-A97A-7C3CCC6BE610}.Release|Any CPU.ActiveCfg = Release|Any CPU
		{652462C4-317C-424F-A97A-7C3CCC6BE610}.Release|Any CPU.Build.0 = Release|Any CPU
		{4570719E-4D10-45CD-BC0A-E81C42B781A8}.Debug|Any CPU.ActiveCfg = Debug|Any CPU
		{4570719E-4D10-45CD-BC0A-E81C42B781A8}.Debug|Any CPU.Build.0 = Debug|Any CPU
		{4570719E-4D10-45CD-BC0A-E81C42B781A8}.Release|Any CPU.ActiveCfg = Release|Any CPU
		{4570719E-4D10-45CD-BC0A-E81C42B781A8}.Release|Any CPU.Build.0 = Release|Any CPU
		{6B021C88-3BA2-49D1-BD47-CACEA1DC656E}.Debug|Any CPU.ActiveCfg = Debug|Any CPU
		{6B021C88-3BA2-49D1-BD47-CACEA1DC656E}.Debug|Any CPU.Build.0 = Debug|Any CPU
		{6B021C88-3BA2-49D1-BD47-CACEA1DC656E}.Release|Any CPU.ActiveCfg = Release|Any CPU
		{6B021C88-3BA2-49D1-BD47-CACEA1DC656E}.Release|Any CPU.Build.0 = Release|Any CPU
		{C770ED8F-6F5E-4DED-92C6-D5FE544DE764}.Debug|Any CPU.ActiveCfg = Debug|Any CPU
		{C770ED8F-6F5E-4DED-92C6-D5FE544DE764}.Debug|Any CPU.Build.0 = Debug|Any CPU
		{C770ED8F-6F5E-4DED-92C6-D5FE544DE764}.Release|Any CPU.ActiveCfg = Release|Any CPU
		{C770ED8F-6F5E-4DED-92C6-D5FE544DE764}.Release|Any CPU.Build.0 = Release|Any CPU
		{722CB97C-4350-419B-BB41-8354BB5BBC4B}.Debug|Any CPU.ActiveCfg = Debug|Any CPU
		{722CB97C-4350-419B-BB41-8354BB5BBC4B}.Debug|Any CPU.Build.0 = Debug|Any CPU
		{722CB97C-4350-419B-BB41-8354BB5BBC4B}.Release|Any CPU.ActiveCfg = Release|Any CPU
		{722CB97C-4350-419B-BB41-8354BB5BBC4B}.Release|Any CPU.Build.0 = Release|Any CPU
		{4399F5F2-ECCF-41C8-8AFC-579434153F9C}.Debug|Any CPU.ActiveCfg = Debug|Any CPU
		{4399F5F2-ECCF-41C8-8AFC-579434153F9C}.Debug|Any CPU.Build.0 = Debug|Any CPU
		{4399F5F2-ECCF-41C8-8AFC-579434153F9C}.Release|Any CPU.ActiveCfg = Release|Any CPU
		{4399F5F2-ECCF-41C8-8AFC-579434153F9C}.Release|Any CPU.Build.0 = Release|Any CPU
		{C3BE34D1-EE91-4ECB-878C-6F21B93FE5C1}.Debug|Any CPU.ActiveCfg = Debug|Any CPU
		{C3BE34D1-EE91-4ECB-878C-6F21B93FE5C1}.Debug|Any CPU.Build.0 = Debug|Any CPU
		{C3BE34D1-EE91-4ECB-878C-6F21B93FE5C1}.Release|Any CPU.ActiveCfg = Release|Any CPU
		{C3BE34D1-EE91-4ECB-878C-6F21B93FE5C1}.Release|Any CPU.Build.0 = Release|Any CPU
		{8EB0AC8F-2107-43F1-9954-4EA7E827C57C}.Debug|Any CPU.ActiveCfg = Debug|Any CPU
		{8EB0AC8F-2107-43F1-9954-4EA7E827C57C}.Debug|Any CPU.Build.0 = Debug|Any CPU
		{8EB0AC8F-2107-43F1-9954-4EA7E827C57C}.Debug|Any CPU.Deploy.0 = Debug|Any CPU
		{8EB0AC8F-2107-43F1-9954-4EA7E827C57C}.Release|Any CPU.ActiveCfg = Release|Any CPU
		{8EB0AC8F-2107-43F1-9954-4EA7E827C57C}.Release|Any CPU.Build.0 = Release|Any CPU
		{8EB0AC8F-2107-43F1-9954-4EA7E827C57C}.Release|Any CPU.Deploy.0 = Release|Any CPU
		{8EAD86AE-81E4-495B-B07A-CC3741F05459}.Debug|Any CPU.ActiveCfg = Debug|Any CPU
		{8EAD86AE-81E4-495B-B07A-CC3741F05459}.Debug|Any CPU.Build.0 = Debug|Any CPU
		{8EAD86AE-81E4-495B-B07A-CC3741F05459}.Debug|Any CPU.Deploy.0 = Debug|Any CPU
		{8EAD86AE-81E4-495B-B07A-CC3741F05459}.Release|Any CPU.ActiveCfg = Release|Any CPU
		{8EAD86AE-81E4-495B-B07A-CC3741F05459}.Release|Any CPU.Build.0 = Release|Any CPU
		{8EAD86AE-81E4-495B-B07A-CC3741F05459}.Release|Any CPU.Deploy.0 = Release|Any CPU
		{94B97233-C6FB-457E-8D9E-CB9200B247E6}.Debug|Any CPU.ActiveCfg = Debug|Any CPU
		{94B97233-C6FB-457E-8D9E-CB9200B247E6}.Debug|Any CPU.Build.0 = Debug|Any CPU
		{94B97233-C6FB-457E-8D9E-CB9200B247E6}.Release|Any CPU.ActiveCfg = Release|Any CPU
		{94B97233-C6FB-457E-8D9E-CB9200B247E6}.Release|Any CPU.Build.0 = Release|Any CPU
		{251A371E-F741-415F-BC78-27DAC0207683}.Debug|Any CPU.ActiveCfg = Debug|Any CPU
		{251A371E-F741-415F-BC78-27DAC0207683}.Debug|Any CPU.Build.0 = Debug|Any CPU
		{251A371E-F741-415F-BC78-27DAC0207683}.Release|Any CPU.ActiveCfg = Release|Any CPU
		{251A371E-F741-415F-BC78-27DAC0207683}.Release|Any CPU.Build.0 = Release|Any CPU
	EndGlobalSection
	GlobalSection(SolutionProperties) = preSolution
		HideSolutionNode = FALSE
	EndGlobalSection
	GlobalSection(NestedProjects) = preSolution
		{C770ED8F-6F5E-4DED-92C6-D5FE544DE764} = {7CD0B0C1-24B1-4DBA-9D6F-B4527F131E62}
		{722CB97C-4350-419B-BB41-8354BB5BBC4B} = {7CD0B0C1-24B1-4DBA-9D6F-B4527F131E62}
		{4399F5F2-ECCF-41C8-8AFC-579434153F9C} = {38D00DB8-E217-4746-BAD1-16121EEDC4E0}
		{C3BE34D1-EE91-4ECB-878C-6F21B93FE5C1} = {38D00DB8-E217-4746-BAD1-16121EEDC4E0}
		{8EB0AC8F-2107-43F1-9954-4EA7E827C57C} = {2BEFB5D7-7067-45D2-8189-F8F99375FE01}
		{8EAD86AE-81E4-495B-B07A-CC3741F05459} = {2BEFB5D7-7067-45D2-8189-F8F99375FE01}
		{94B97233-C6FB-457E-8D9E-CB9200B247E6} = {2BEFB5D7-7067-45D2-8189-F8F99375FE01}
		{251A371E-F741-415F-BC78-27DAC0207683} = {2BEFB5D7-7067-45D2-8189-F8F99375FE01}
	EndGlobalSection
EndGlobal
